
Microsoft Visual Studio Solution File, Format Version 12.00
# Visual Studio 14
VisualStudioVersion = 14.0.24720.0
MinimumVisualStudioVersion = 10.0.40219.1
Project("{00D1A9C2-B5F0-4AF3-8072-F6C62B433612}") = "PTS.Database", "PTS.Database\PTS.Database.sqlproj", "{C6A469D6-7241-4060-854F-1A4D618C3F97}"
EndProject
Project("{FAE04EC0-301F-11D3-BF4B-00C04F79EFBC}") = "PTS.Entities", "PTS.Entities\PTS.Entities.csproj", "{A737D3B8-8FFC-4753-9117-808EA5EB3A19}"
EndProject
Project("{FAE04EC0-301F-11D3-BF4B-00C04F79EFBC}") = "PTS.Repositories", "PTS.Repositories\PTS.Repositories.csproj", "{21E0AF62-96D7-4CC2-A77B-3F904C2CBCE4}"
EndProject
Project("{FAE04EC0-301F-11D3-BF4B-00C04F79EFBC}") = "PTS.DesktopUI", "PTS.DesktopUI\PTS.DesktopUI.csproj", "{CC03B91C-0988-47C9-9B08-274CB4BE8A32}"
EndProject
Global
	GlobalSection(SolutionConfigurationPlatforms) = preSolution
		Debug|Any CPU = Debug|Any CPU
		Release|Any CPU = Release|Any CPU
	EndGlobalSection
	GlobalSection(ProjectConfigurationPlatforms) = postSolution
		{C6A469D6-7241-4060-854F-1A4D618C3F97}.Debug|Any CPU.ActiveCfg = Debug|Any CPU
		{C6A469D6-7241-4060-854F-1A4D618C3F97}.Debug|Any CPU.Build.0 = Debug|Any CPU
		{C6A469D6-7241-4060-854F-1A4D618C3F97}.Debug|Any CPU.Deploy.0 = Debug|Any CPU
		{C6A469D6-7241-4060-854F-1A4D618C3F97}.Release|Any CPU.ActiveCfg = Release|Any CPU
		{C6A469D6-7241-4060-854F-1A4D618C3F97}.Release|Any CPU.Build.0 = Release|Any CPU
		{C6A469D6-7241-4060-854F-1A4D618C3F97}.Release|Any CPU.Deploy.0 = Release|Any CPU
		{A737D3B8-8FFC-4753-9117-808EA5EB3A19}.Debug|Any CPU.ActiveCfg = Debug|Any CPU
		{A737D3B8-8FFC-4753-9117-808EA5EB3A19}.Debug|Any CPU.Build.0 = Debug|Any CPU
		{A737D3B8-8FFC-4753-9117-808EA5EB3A19}.Release|Any CPU.ActiveCfg = Release|Any CPU
		{A737D3B8-8FFC-4753-9117-808EA5EB3A19}.Release|Any CPU.Build.0 = Release|Any CPU
		{21E0AF62-96D7-4CC2-A77B-3F904C2CBCE4}.Debug|Any CPU.ActiveCfg = Debug|Any CPU
		{21E0AF62-96D7-4CC2-A77B-3F904C2CBCE4}.Debug|Any CPU.Build.0 = Debug|Any CPU
		{21E0AF62-96D7-4CC2-A77B-3F904C2CBCE4}.Release|Any CPU.ActiveCfg = Release|Any CPU
		{21E0AF62-96D7-4CC2-A77B-3F904C2CBCE4}.Release|Any CPU.Build.0 = Release|Any CPU
		{CC03B91C-0988-47C9-9B08-274CB4BE8A32}.Debug|Any CPU.ActiveCfg = Debug|Any CPU
		{CC03B91C-0988-47C9-9B08-274CB4BE8A32}.Debug|Any CPU.Build.0 = Debug|Any CPU
		{CC03B91C-0988-47C9-9B08-274CB4BE8A32}.Release|Any CPU.ActiveCfg = Release|Any CPU
		{CC03B91C-0988-47C9-9B08-274CB4BE8A32}.Release|Any CPU.Build.0 = Release|Any CPU
	EndGlobalSection
	GlobalSection(SolutionProperties) = preSolution
		HideSolutionNode = FALSE
	EndGlobalSection
EndGlobal
